
Microsoft Visual Studio Solution File, Format Version 12.00
# Visual Studio 15
VisualStudioVersion = 15.0.27004.2002
MinimumVisualStudioVersion = 10.0.40219.1
Project("{9A19103F-16F7-4668-BE54-9A1E7A4F7556}") = "BusinessCore", "BusinessCore\BusinessCore.csproj", "{11689BFC-8BBA-4A1F-94E9-91E15818DC62}"
EndProject
Project("{E24C65DC-7377-472B-9ABA-BC803B73C61A}") = "WebApp", "WebApp", "{D5B1E97B-A8D6-4BA5-9413-360FDE08ABDC}"
	ProjectSection(WebsiteProperties) = preProject
		SccProjectName = "SAK"
		SccAuxPath = "SAK"
		SccLocalPath = "SAK"
		SccProvider = "SAK"
		TargetFrameworkMoniker = ".NETFramework,Version%3Dv4.6.2"
		Debug.AspNetCompiler.VirtualPath = "/localhost_50406"
		Debug.AspNetCompiler.PhysicalPath = "WebApp\"
		Debug.AspNetCompiler.TargetPath = "PrecompiledWeb\localhost_50406\"
		Debug.AspNetCompiler.Updateable = "true"
		Debug.AspNetCompiler.ForceOverwrite = "true"
		Debug.AspNetCompiler.FixedNames = "false"
		Debug.AspNetCompiler.Debug = "True"
		Release.AspNetCompiler.VirtualPath = "/localhost_50406"
		Release.AspNetCompiler.PhysicalPath = "WebApp\"
		Release.AspNetCompiler.TargetPath = "PrecompiledWeb\localhost_50406\"
		Release.AspNetCompiler.Updateable = "true"
		Release.AspNetCompiler.ForceOverwrite = "true"
		Release.AspNetCompiler.FixedNames = "false"
		Release.AspNetCompiler.Debug = "False"
		VWDPort = "50406"
		SlnRelativePath = "WebApp\"
	EndProjectSection
EndProject
Project("{9A19103F-16F7-4668-BE54-9A1E7A4F7556}") = "WebApiCore.IntegrationTests", "WebApiCore.IntegrationTests\WebApiCore.IntegrationTests.csproj", "{DC906DFB-422E-4BEE-8178-9E07DAB816E6}"
EndProject
Project("{9A19103F-16F7-4668-BE54-9A1E7A4F7556}") = "WebApiCore", "WebApi\WebApiCore.csproj", "{099D6009-8911-4B16-856A-937299D09C2B}"
EndProject
Global
	GlobalSection(SolutionConfigurationPlatforms) = preSolution
		Debug|Any CPU = Debug|Any CPU
		Debug|x64 = Debug|x64
		Debug|x86 = Debug|x86
		Release|Any CPU = Release|Any CPU
		Release|x64 = Release|x64
		Release|x86 = Release|x86
	EndGlobalSection
	GlobalSection(ProjectConfigurationPlatforms) = postSolution
		{11689BFC-8BBA-4A1F-94E9-91E15818DC62}.Debug|Any CPU.ActiveCfg = Debug|Any CPU
		{11689BFC-8BBA-4A1F-94E9-91E15818DC62}.Debug|Any CPU.Build.0 = Debug|Any CPU
		{11689BFC-8BBA-4A1F-94E9-91E15818DC62}.Debug|x64.ActiveCfg = Debug|Any CPU
		{11689BFC-8BBA-4A1F-94E9-91E15818DC62}.Debug|x64.Build.0 = Debug|Any CPU
		{11689BFC-8BBA-4A1F-94E9-91E15818DC62}.Debug|x86.ActiveCfg = Debug|Any CPU
		{11689BFC-8BBA-4A1F-94E9-91E15818DC62}.Debug|x86.Build.0 = Debug|Any CPU
		{11689BFC-8BBA-4A1F-94E9-91E15818DC62}.Release|Any CPU.ActiveCfg = Release|Any CPU
		{11689BFC-8BBA-4A1F-94E9-91E15818DC62}.Release|Any CPU.Build.0 = Release|Any CPU
		{11689BFC-8BBA-4A1F-94E9-91E15818DC62}.Release|x64.ActiveCfg = Release|Any CPU
		{11689BFC-8BBA-4A1F-94E9-91E15818DC62}.Release|x64.Build.0 = Release|Any CPU
		{11689BFC-8BBA-4A1F-94E9-91E15818DC62}.Release|x86.ActiveCfg = Release|Any CPU
		{11689BFC-8BBA-4A1F-94E9-91E15818DC62}.Release|x86.Build.0 = Release|Any CPU
		{D5B1E97B-A8D6-4BA5-9413-360FDE08ABDC}.Debug|Any CPU.ActiveCfg = Debug|Any CPU
		{D5B1E97B-A8D6-4BA5-9413-360FDE08ABDC}.Debug|Any CPU.Build.0 = Debug|Any CPU
		{D5B1E97B-A8D6-4BA5-9413-360FDE08ABDC}.Debug|x64.ActiveCfg = Debug|Any CPU
		{D5B1E97B-A8D6-4BA5-9413-360FDE08ABDC}.Debug|x64.Build.0 = Debug|Any CPU
		{D5B1E97B-A8D6-4BA5-9413-360FDE08ABDC}.Debug|x86.ActiveCfg = Debug|Any CPU
		{D5B1E97B-A8D6-4BA5-9413-360FDE08ABDC}.Debug|x86.Build.0 = Debug|Any CPU
		{D5B1E97B-A8D6-4BA5-9413-360FDE08ABDC}.Release|Any CPU.ActiveCfg = Debug|Any CPU
		{D5B1E97B-A8D6-4BA5-9413-360FDE08ABDC}.Release|Any CPU.Build.0 = Debug|Any CPU
		{D5B1E97B-A8D6-4BA5-9413-360FDE08ABDC}.Release|x64.ActiveCfg = Debug|Any CPU
		{D5B1E97B-A8D6-4BA5-9413-360FDE08ABDC}.Release|x64.Build.0 = Debug|Any CPU
		{D5B1E97B-A8D6-4BA5-9413-360FDE08ABDC}.Release|x86.ActiveCfg = Debug|Any CPU
		{D5B1E97B-A8D6-4BA5-9413-360FDE08ABDC}.Release|x86.Build.0 = Debug|Any CPU
		{DC906DFB-422E-4BEE-8178-9E07DAB816E6}.Debug|Any CPU.ActiveCfg = Debug|Any CPU
		{DC906DFB-422E-4BEE-8178-9E07DAB816E6}.Debug|Any CPU.Build.0 = Debug|Any CPU
		{DC906DFB-422E-4BEE-8178-9E07DAB816E6}.Debug|x64.ActiveCfg = Debug|Any CPU
		{DC906DFB-422E-4BEE-8178-9E07DAB816E6}.Debug|x64.Build.0 = Debug|Any CPU
		{DC906DFB-422E-4BEE-8178-9E07DAB816E6}.Debug|x86.ActiveCfg = Debug|Any CPU
		{DC906DFB-422E-4BEE-8178-9E07DAB816E6}.Debug|x86.Build.0 = Debug|Any CPU
		{DC906DFB-422E-4BEE-8178-9E07DAB816E6}.Release|Any CPU.ActiveCfg = Release|Any CPU
		{DC906DFB-422E-4BEE-8178-9E07DAB816E6}.Release|Any CPU.Build.0 = Release|Any CPU
		{DC906DFB-422E-4BEE-8178-9E07DAB816E6}.Release|x64.ActiveCfg = Release|Any CPU
		{DC906DFB-422E-4BEE-8178-9E07DAB816E6}.Release|x64.Build.0 = Release|Any CPU
		{DC906DFB-422E-4BEE-8178-9E07DAB816E6}.Release|x86.ActiveCfg = Release|Any CPU
		{DC906DFB-422E-4BEE-8178-9E07DAB816E6}.Release|x86.Build.0 = Release|Any CPU
		{099D6009-8911-4B16-856A-937299D09C2B}.Debug|Any CPU.ActiveCfg = Debug|Any CPU
		{099D6009-8911-4B16-856A-937299D09C2B}.Debug|Any CPU.Build.0 = Debug|Any CPU
		{099D6009-8911-4B16-856A-937299D09C2B}.Debug|x64.ActiveCfg = Debug|Any CPU
		{099D6009-8911-4B16-856A-937299D09C2B}.Debug|x64.Build.0 = Debug|Any CPU
		{099D6009-8911-4B16-856A-937299D09C2B}.Debug|x86.ActiveCfg = Debug|Any CPU
		{099D6009-8911-4B16-856A-937299D09C2B}.Debug|x86.Build.0 = Debug|Any CPU
		{099D6009-8911-4B16-856A-937299D09C2B}.Release|Any CPU.ActiveCfg = Release|Any CPU
		{099D6009-8911-4B16-856A-937299D09C2B}.Release|Any CPU.Build.0 = Release|Any CPU
		{099D6009-8911-4B16-856A-937299D09C2B}.Release|x64.ActiveCfg = Release|Any CPU
		{099D6009-8911-4B16-856A-937299D09C2B}.Release|x64.Build.0 = Release|Any CPU
		{099D6009-8911-4B16-856A-937299D09C2B}.Release|x86.ActiveCfg = Release|Any CPU
		{099D6009-8911-4B16-856A-937299D09C2B}.Release|x86.Build.0 = Release|Any CPU
	EndGlobalSection
	GlobalSection(SolutionProperties) = preSolution
		HideSolutionNode = FALSE
	EndGlobalSection
	GlobalSection(ExtensibilityGlobals) = postSolution
		SolutionGuid = {0967C42A-E3EE-438B-BDB6-27B0058C4198}
	EndGlobalSection
	GlobalSection(TeamFoundationVersionControl) = preSolution
		SccNumberOfProjects = 5
		SccEnterpriseProvider = {4CA58AB2-18FA-4F8D-95D4-32DDF27D184C}
		SccTeamFoundationServer = https://awaisa.visualstudio.com/
		SccLocalPath0 = .
		SccProjectUniqueName1 = BusinessCore\\BusinessCore.csproj
		SccProjectName1 = BusinessCore
		SccLocalPath1 = BusinessCore
		SccWebProject2 = true
		SccProjectUniqueName2 = WebApp
		SccProjectName2 = WebApp
		SccLocalPath2 = WebApp
		SccProjectEnlistmentChoice2 = 2
		SccProjectUniqueName3 = WebApiCore.IntegrationTests\\WebApiCore.IntegrationTests.csproj
		SccProjectName3 = WebApiCore.IntegrationTests
		SccLocalPath3 = WebApiCore.IntegrationTests
		SccProjectUniqueName4 = WebApi\\WebApiCore.csproj
		SccProjectName4 = WebApi
		SccLocalPath4 = WebApi
	EndGlobalSection
EndGlobal
